// !$*UTF8*$!
{
	archiveVersion = 1;
	classes = {
	};
	objectVersion = 56;
	objects = {

/* Begin PBXBuildFile section */
		DF0446DD29AB78160018E588 /* HeroDetailViewController.swift in Sources */ = {isa = PBXBuildFile; fileRef = DF0446DC29AB78160018E588 /* HeroDetailViewController.swift */; };
		DF0446DF29AB78520018E588 /* HeroDetailView.swift in Sources */ = {isa = PBXBuildFile; fileRef = DF0446DE29AB78520018E588 /* HeroDetailView.swift */; };
		DF0446E129AB893E0018E588 /* PlaceModel.swift in Sources */ = {isa = PBXBuildFile; fileRef = DF0446E029AB893E0018E588 /* PlaceModel.swift */; };
		DF0446E329AB896B0018E588 /* Annotation.swift in Sources */ = {isa = PBXBuildFile; fileRef = DF0446E229AB896B0018E588 /* Annotation.swift */; };
		DF0446E529AB89B20018E588 /* AnnotationView.swift in Sources */ = {isa = PBXBuildFile; fileRef = DF0446E429AB89B20018E588 /* AnnotationView.swift */; };
		DF0446E729AB89FE0018E588 /* CallOut.swift in Sources */ = {isa = PBXBuildFile; fileRef = DF0446E629AB89FE0018E588 /* CallOut.swift */; };
		DF0446EB29AB9AD40018E588 /* HeroMapKitModel.swift in Sources */ = {isa = PBXBuildFile; fileRef = DF0446EA29AB9AD40018E588 /* HeroMapKitModel.swift */; };
		DFDEE97B29A693B900F0CB53 /* AppDelegate.swift in Sources */ = {isa = PBXBuildFile; fileRef = DFDEE97A29A693B900F0CB53 /* AppDelegate.swift */; };
		DFDEE97D29A693B900F0CB53 /* SceneDelegate.swift in Sources */ = {isa = PBXBuildFile; fileRef = DFDEE97C29A693B900F0CB53 /* SceneDelegate.swift */; };
		DFDEE97F29A693B900F0CB53 /* HomeTabBarViewController.swift in Sources */ = {isa = PBXBuildFile; fileRef = DFDEE97E29A693B900F0CB53 /* HomeTabBarViewController.swift */; };
		DFDEE98229A693B900F0CB53 /* Main.storyboard in Resources */ = {isa = PBXBuildFile; fileRef = DFDEE98029A693B900F0CB53 /* Main.storyboard */; };
		DFDEE98429A693BB00F0CB53 /* Assets.xcassets in Resources */ = {isa = PBXBuildFile; fileRef = DFDEE98329A693BB00F0CB53 /* Assets.xcassets */; };
		DFDEE98729A693BB00F0CB53 /* LaunchScreen.storyboard in Resources */ = {isa = PBXBuildFile; fileRef = DFDEE98529A693BB00F0CB53 /* LaunchScreen.storyboard */; };
		DFDEE99929A694E200F0CB53 /* Kingfisher in Frameworks */ = {isa = PBXBuildFile; productRef = DFDEE99829A694E200F0CB53 /* Kingfisher */; };
		DFDEE9AA29A6965D00F0CB53 /* KeychainManager.swift in Sources */ = {isa = PBXBuildFile; fileRef = DFDEE9A929A6965D00F0CB53 /* KeychainManager.swift */; };
		DFDEE9AC29A6967B00F0CB53 /* ApiClient.swift in Sources */ = {isa = PBXBuildFile; fileRef = DFDEE9AB29A6967B00F0CB53 /* ApiClient.swift */; };
		DFDEE9AE29A696D700F0CB53 /* HeroesMapkitView.swift in Sources */ = {isa = PBXBuildFile; fileRef = DFDEE9AD29A696D700F0CB53 /* HeroesMapkitView.swift */; };
		DFDEE9B029A6970D00F0CB53 /* HeroesMapkitViewController.swift in Sources */ = {isa = PBXBuildFile; fileRef = DFDEE9AF29A6970D00F0CB53 /* HeroesMapkitViewController.swift */; };
		DFDEE9B229A6973C00F0CB53 /* HeroesListTableViewController.swift in Sources */ = {isa = PBXBuildFile; fileRef = DFDEE9B129A6973C00F0CB53 /* HeroesListTableViewController.swift */; };
		DFDEE9B529A6976000F0CB53 /* HeroesListTableViewDataSource.swift in Sources */ = {isa = PBXBuildFile; fileRef = DFDEE9B429A6976000F0CB53 /* HeroesListTableViewDataSource.swift */; };
		DFDEE9B729A6977900F0CB53 /* HeroesListTableViewDelegate.swift in Sources */ = {isa = PBXBuildFile; fileRef = DFDEE9B629A6977900F0CB53 /* HeroesListTableViewDelegate.swift */; };
		DFDEE9B929A697BD00F0CB53 /* HeroesListView.swift in Sources */ = {isa = PBXBuildFile; fileRef = DFDEE9B829A697BD00F0CB53 /* HeroesListView.swift */; };
		DFDEE9BB29A697D800F0CB53 /* HeroListViewCell.swift in Sources */ = {isa = PBXBuildFile; fileRef = DFDEE9BA29A697D800F0CB53 /* HeroListViewCell.swift */; };
		DFDEE9BD29A697F000F0CB53 /* HeroModel.swift in Sources */ = {isa = PBXBuildFile; fileRef = DFDEE9BC29A697F000F0CB53 /* HeroModel.swift */; };
		DFDEE9BF29A6981000F0CB53 /* HeroListTableViewModel.swift in Sources */ = {isa = PBXBuildFile; fileRef = DFDEE9BE29A6981000F0CB53 /* HeroListTableViewModel.swift */; };
		DFDEE9C129A6983400F0CB53 /* LoginViewModel.swift in Sources */ = {isa = PBXBuildFile; fileRef = DFDEE9C029A6983400F0CB53 /* LoginViewModel.swift */; };
		DFDEE9C329A6985100F0CB53 /* LoginView.swift in Sources */ = {isa = PBXBuildFile; fileRef = DFDEE9C229A6985100F0CB53 /* LoginView.swift */; };
		DFDEE9C529A6987B00F0CB53 /* LoginViewController.swift in Sources */ = {isa = PBXBuildFile; fileRef = DFDEE9C429A6987B00F0CB53 /* LoginViewController.swift */; };
		DFDEE9C829A7F6DF00F0CB53 /* Heroes.xcdatamodeld in Sources */ = {isa = PBXBuildFile; fileRef = DFDEE9C629A7F6DF00F0CB53 /* Heroes.xcdatamodeld */; };
		DFDEE9CA29A7F7CF00F0CB53 /* Heroes+CoreDataClass.swift in Sources */ = {isa = PBXBuildFile; fileRef = DFDEE9C929A7F7CF00F0CB53 /* Heroes+CoreDataClass.swift */; };
		DFDEE9CC29A7F91500F0CB53 /* CoreDataManager.swift in Sources */ = {isa = PBXBuildFile; fileRef = DFDEE9CB29A7F91500F0CB53 /* CoreDataManager.swift */; };
		DFDEE9D029AA414900F0CB53 /* HeroLocationModel.swift in Sources */ = {isa = PBXBuildFile; fileRef = DFDEE9CF29AA414900F0CB53 /* HeroLocationModel.swift */; };
/* End PBXBuildFile section */

/* Begin PBXFileReference section */
		DF0446DC29AB78160018E588 /* HeroDetailViewController.swift */ = {isa = PBXFileReference; lastKnownFileType = sourcecode.swift; path = HeroDetailViewController.swift; sourceTree = "<group>"; };
		DF0446DE29AB78520018E588 /* HeroDetailView.swift */ = {isa = PBXFileReference; lastKnownFileType = sourcecode.swift; path = HeroDetailView.swift; sourceTree = "<group>"; };
		DF0446E029AB893E0018E588 /* PlaceModel.swift */ = {isa = PBXFileReference; lastKnownFileType = sourcecode.swift; path = PlaceModel.swift; sourceTree = "<group>"; };
		DF0446E229AB896B0018E588 /* Annotation.swift */ = {isa = PBXFileReference; lastKnownFileType = sourcecode.swift; path = Annotation.swift; sourceTree = "<group>"; };
		DF0446E429AB89B20018E588 /* AnnotationView.swift */ = {isa = PBXFileReference; lastKnownFileType = sourcecode.swift; path = AnnotationView.swift; sourceTree = "<group>"; };
		DF0446E629AB89FE0018E588 /* CallOut.swift */ = {isa = PBXFileReference; lastKnownFileType = sourcecode.swift; path = CallOut.swift; sourceTree = "<group>"; };
		DF0446EA29AB9AD40018E588 /* HeroMapKitModel.swift */ = {isa = PBXFileReference; lastKnownFileType = sourcecode.swift; path = HeroMapKitModel.swift; sourceTree = "<group>"; };
		DFDEE97729A693B900F0CB53 /* EntregaIOsAvanzado_v2.app */ = {isa = PBXFileReference; explicitFileType = wrapper.application; includeInIndex = 0; path = EntregaIOsAvanzado_v2.app; sourceTree = BUILT_PRODUCTS_DIR; };
		DFDEE97A29A693B900F0CB53 /* AppDelegate.swift */ = {isa = PBXFileReference; lastKnownFileType = sourcecode.swift; path = AppDelegate.swift; sourceTree = "<group>"; };
		DFDEE97C29A693B900F0CB53 /* SceneDelegate.swift */ = {isa = PBXFileReference; lastKnownFileType = sourcecode.swift; path = SceneDelegate.swift; sourceTree = "<group>"; };
		DFDEE97E29A693B900F0CB53 /* HomeTabBarViewController.swift */ = {isa = PBXFileReference; lastKnownFileType = sourcecode.swift; path = HomeTabBarViewController.swift; sourceTree = "<group>"; };
		DFDEE98129A693B900F0CB53 /* Base */ = {isa = PBXFileReference; lastKnownFileType = file.storyboard; name = Base; path = Base.lproj/Main.storyboard; sourceTree = "<group>"; };
		DFDEE98329A693BB00F0CB53 /* Assets.xcassets */ = {isa = PBXFileReference; lastKnownFileType = folder.assetcatalog; path = Assets.xcassets; sourceTree = "<group>"; };
		DFDEE98629A693BB00F0CB53 /* Base */ = {isa = PBXFileReference; lastKnownFileType = file.storyboard; name = Base; path = Base.lproj/LaunchScreen.storyboard; sourceTree = "<group>"; };
		DFDEE98829A693BB00F0CB53 /* Info.plist */ = {isa = PBXFileReference; lastKnownFileType = text.plist.xml; path = Info.plist; sourceTree = "<group>"; };
		DFDEE9A929A6965D00F0CB53 /* KeychainManager.swift */ = {isa = PBXFileReference; lastKnownFileType = sourcecode.swift; path = KeychainManager.swift; sourceTree = "<group>"; };
		DFDEE9AB29A6967B00F0CB53 /* ApiClient.swift */ = {isa = PBXFileReference; lastKnownFileType = sourcecode.swift; path = ApiClient.swift; sourceTree = "<group>"; };
		DFDEE9AD29A696D700F0CB53 /* HeroesMapkitView.swift */ = {isa = PBXFileReference; lastKnownFileType = sourcecode.swift; path = HeroesMapkitView.swift; sourceTree = "<group>"; };
		DFDEE9AF29A6970D00F0CB53 /* HeroesMapkitViewController.swift */ = {isa = PBXFileReference; lastKnownFileType = sourcecode.swift; path = HeroesMapkitViewController.swift; sourceTree = "<group>"; };
		DFDEE9B129A6973C00F0CB53 /* HeroesListTableViewController.swift */ = {isa = PBXFileReference; lastKnownFileType = sourcecode.swift; path = HeroesListTableViewController.swift; sourceTree = "<group>"; };
		DFDEE9B429A6976000F0CB53 /* HeroesListTableViewDataSource.swift */ = {isa = PBXFileReference; lastKnownFileType = sourcecode.swift; path = HeroesListTableViewDataSource.swift; sourceTree = "<group>"; };
		DFDEE9B629A6977900F0CB53 /* HeroesListTableViewDelegate.swift */ = {isa = PBXFileReference; lastKnownFileType = sourcecode.swift; path = HeroesListTableViewDelegate.swift; sourceTree = "<group>"; };
		DFDEE9B829A697BD00F0CB53 /* HeroesListView.swift */ = {isa = PBXFileReference; lastKnownFileType = sourcecode.swift; path = HeroesListView.swift; sourceTree = "<group>"; };
		DFDEE9BA29A697D800F0CB53 /* HeroListViewCell.swift */ = {isa = PBXFileReference; lastKnownFileType = sourcecode.swift; path = HeroListViewCell.swift; sourceTree = "<group>"; };
		DFDEE9BC29A697F000F0CB53 /* HeroModel.swift */ = {isa = PBXFileReference; lastKnownFileType = sourcecode.swift; path = HeroModel.swift; sourceTree = "<group>"; };
		DFDEE9BE29A6981000F0CB53 /* HeroListTableViewModel.swift */ = {isa = PBXFileReference; lastKnownFileType = sourcecode.swift; path = HeroListTableViewModel.swift; sourceTree = "<group>"; };
		DFDEE9C029A6983400F0CB53 /* LoginViewModel.swift */ = {isa = PBXFileReference; lastKnownFileType = sourcecode.swift; path = LoginViewModel.swift; sourceTree = "<group>"; };
		DFDEE9C229A6985100F0CB53 /* LoginView.swift */ = {isa = PBXFileReference; lastKnownFileType = sourcecode.swift; path = LoginView.swift; sourceTree = "<group>"; };
		DFDEE9C429A6987B00F0CB53 /* LoginViewController.swift */ = {isa = PBXFileReference; lastKnownFileType = sourcecode.swift; path = LoginViewController.swift; sourceTree = "<group>"; };
		DFDEE9C729A7F6DF00F0CB53 /* Heroes.xcdatamodel */ = {isa = PBXFileReference; lastKnownFileType = wrapper.xcdatamodel; path = Heroes.xcdatamodel; sourceTree = "<group>"; };
		DFDEE9C929A7F7CF00F0CB53 /* Heroes+CoreDataClass.swift */ = {isa = PBXFileReference; lastKnownFileType = sourcecode.swift; path = "Heroes+CoreDataClass.swift"; sourceTree = "<group>"; };
		DFDEE9CB29A7F91500F0CB53 /* CoreDataManager.swift */ = {isa = PBXFileReference; lastKnownFileType = sourcecode.swift; path = CoreDataManager.swift; sourceTree = "<group>"; };
		DFDEE9CF29AA414900F0CB53 /* HeroLocationModel.swift */ = {isa = PBXFileReference; lastKnownFileType = sourcecode.swift; path = HeroLocationModel.swift; sourceTree = "<group>"; };
/* End PBXFileReference section */

/* Begin PBXFrameworksBuildPhase section */
		DFDEE97429A693B900F0CB53 /* Frameworks */ = {
			isa = PBXFrameworksBuildPhase;
			buildActionMask = 2147483647;
			files = (
				DFDEE99929A694E200F0CB53 /* Kingfisher in Frameworks */,
			);
			runOnlyForDeploymentPostprocessing = 0;
		};
/* End PBXFrameworksBuildPhase section */

/* Begin PBXGroup section */
		DFDEE96E29A693B900F0CB53 = {
			isa = PBXGroup;
			children = (
				DFDEE97929A693B900F0CB53 /* EntregaIOsAvanzado_v2 */,
				DFDEE97829A693B900F0CB53 /* Products */,
			);
			sourceTree = "<group>";
		};
		DFDEE97829A693B900F0CB53 /* Products */ = {
			isa = PBXGroup;
			children = (
				DFDEE97729A693B900F0CB53 /* EntregaIOsAvanzado_v2.app */,
			);
			name = Products;
			sourceTree = "<group>";
		};
		DFDEE97929A693B900F0CB53 /* EntregaIOsAvanzado_v2 */ = {
			isa = PBXGroup;
			children = (
				DFDEE99629A694C700F0CB53 /* Login */,
				DFDEE99529A694BC00F0CB53 /* HeroeDetail */,
				DFDEE99429A6949300F0CB53 /* HeroesList */,
				DFDEE99329A6948500F0CB53 /* HeroesMapKit */,
				DFDEE99229A6947E00F0CB53 /* HomeTabBar */,
				DFDEE98F29A6945400F0CB53 /* CoreData */,
				DFDEE98E29A6944E00F0CB53 /* Utils */,
				DFDEE97A29A693B900F0CB53 /* AppDelegate.swift */,
				DFDEE97C29A693B900F0CB53 /* SceneDelegate.swift */,
				DFDEE98029A693B900F0CB53 /* Main.storyboard */,
				DFDEE98329A693BB00F0CB53 /* Assets.xcassets */,
				DFDEE98529A693BB00F0CB53 /* LaunchScreen.storyboard */,
				DFDEE98829A693BB00F0CB53 /* Info.plist */,
			);
			path = EntregaIOsAvanzado_v2;
			sourceTree = "<group>";
		};
		DFDEE98E29A6944E00F0CB53 /* Utils */ = {
			isa = PBXGroup;
			children = (
				DFDEE99029A6946200F0CB53 /* keychainClass */,
				DFDEE99129A6946F00F0CB53 /* ApiCalls */,
			);
			path = Utils;
			sourceTree = "<group>";
		};
		DFDEE98F29A6945400F0CB53 /* CoreData */ = {
			isa = PBXGroup;
			children = (
				DFDEE9C629A7F6DF00F0CB53 /* Heroes.xcdatamodeld */,
				DFDEE9C929A7F7CF00F0CB53 /* Heroes+CoreDataClass.swift */,
				DFDEE9CB29A7F91500F0CB53 /* CoreDataManager.swift */,
			);
			path = CoreData;
			sourceTree = "<group>";
		};
		DFDEE99029A6946200F0CB53 /* keychainClass */ = {
			isa = PBXGroup;
			children = (
				DFDEE9A929A6965D00F0CB53 /* KeychainManager.swift */,
			);
			path = keychainClass;
			sourceTree = "<group>";
		};
		DFDEE99129A6946F00F0CB53 /* ApiCalls */ = {
			isa = PBXGroup;
			children = (
				DFDEE9AB29A6967B00F0CB53 /* ApiClient.swift */,
			);
			path = ApiCalls;
			sourceTree = "<group>";
		};
		DFDEE99229A6947E00F0CB53 /* HomeTabBar */ = {
			isa = PBXGroup;
			children = (
				DFDEE9A829A6960C00F0CB53 /* Controller */,
				DFDEE9A729A6960800F0CB53 /* View */,
				DFDEE9A629A6960300F0CB53 /* Model */,
			);
			path = HomeTabBar;
			sourceTree = "<group>";
		};
		DFDEE99329A6948500F0CB53 /* HeroesMapKit */ = {
			isa = PBXGroup;
			children = (
				DFDEE9A529A695FD00F0CB53 /* Model */,
				DFDEE9A429A695F800F0CB53 /* View */,
				DFDEE9A329A695F100F0CB53 /* Controller */,
			);
			path = HeroesMapKit;
			sourceTree = "<group>";
		};
		DFDEE99429A6949300F0CB53 /* HeroesList */ = {
			isa = PBXGroup;
			children = (
				DFDEE9A229A695EC00F0CB53 /* Model */,
				DFDEE9A129A695E700F0CB53 /* View */,
				DFDEE9A029A695E200F0CB53 /* Controller */,
			);
			name = HeroesList;
			path = "HeroesListç";
			sourceTree = "<group>";
		};
		DFDEE99529A694BC00F0CB53 /* HeroeDetail */ = {
			isa = PBXGroup;
			children = (
				DFDEE99E29A695D700F0CB53 /* View */,
				DFDEE99D29A695CE00F0CB53 /* Controller */,
			);
			path = HeroeDetail;
			sourceTree = "<group>";
		};
		DFDEE99629A694C700F0CB53 /* Login */ = {
			isa = PBXGroup;
			children = (
				DFDEE99C29A695C100F0CB53 /* Model */,
				DFDEE99B29A695B800F0CB53 /* View */,
				DFDEE99A29A695B200F0CB53 /* Controller */,
			);
			path = Login;
			sourceTree = "<group>";
		};
		DFDEE99A29A695B200F0CB53 /* Controller */ = {
			isa = PBXGroup;
			children = (
				DFDEE9C429A6987B00F0CB53 /* LoginViewController.swift */,
			);
			path = Controller;
			sourceTree = "<group>";
		};
		DFDEE99B29A695B800F0CB53 /* View */ = {
			isa = PBXGroup;
			children = (
				DFDEE9C229A6985100F0CB53 /* LoginView.swift */,
			);
			path = View;
			sourceTree = "<group>";
		};
		DFDEE99C29A695C100F0CB53 /* Model */ = {
			isa = PBXGroup;
			children = (
				DFDEE9C029A6983400F0CB53 /* LoginViewModel.swift */,
			);
			path = Model;
			sourceTree = "<group>";
		};
		DFDEE99D29A695CE00F0CB53 /* Controller */ = {
			isa = PBXGroup;
			children = (
				DF0446DC29AB78160018E588 /* HeroDetailViewController.swift */,
			);
			path = Controller;
			sourceTree = "<group>";
		};
		DFDEE99E29A695D700F0CB53 /* View */ = {
			isa = PBXGroup;
			children = (
				DF0446DE29AB78520018E588 /* HeroDetailView.swift */,
			);
			path = View;
			sourceTree = "<group>";
		};
		DFDEE9A029A695E200F0CB53 /* Controller */ = {
			isa = PBXGroup;
			children = (
				DFDEE9B429A6976000F0CB53 /* HeroesListTableViewDataSource.swift */,
				DFDEE9B129A6973C00F0CB53 /* HeroesListTableViewController.swift */,
				DFDEE9B629A6977900F0CB53 /* HeroesListTableViewDelegate.swift */,
			);
			path = Controller;
			sourceTree = "<group>";
		};
		DFDEE9A129A695E700F0CB53 /* View */ = {
			isa = PBXGroup;
			children = (
				DFDEE9B829A697BD00F0CB53 /* HeroesListView.swift */,
				DFDEE9BA29A697D800F0CB53 /* HeroListViewCell.swift */,
			);
			path = View;
			sourceTree = "<group>";
		};
		DFDEE9A229A695EC00F0CB53 /* Model */ = {
			isa = PBXGroup;
			children = (
				DFDEE9BC29A697F000F0CB53 /* HeroModel.swift */,
				DFDEE9BE29A6981000F0CB53 /* HeroListTableViewModel.swift */,
				DFDEE9CF29AA414900F0CB53 /* HeroLocationModel.swift */,
			);
			path = Model;
			sourceTree = "<group>";
		};
		DFDEE9A329A695F100F0CB53 /* Controller */ = {
			isa = PBXGroup;
			children = (
				DFDEE9AF29A6970D00F0CB53 /* HeroesMapkitViewController.swift */,
			);
			path = Controller;
			sourceTree = "<group>";
		};
		DFDEE9A429A695F800F0CB53 /* View */ = {
			isa = PBXGroup;
			children = (
				DFDEE9AD29A696D700F0CB53 /* HeroesMapkitView.swift */,
				DF0446E429AB89B20018E588 /* AnnotationView.swift */,
				DF0446E629AB89FE0018E588 /* CallOut.swift */,
			);
			path = View;
			sourceTree = "<group>";
		};
		DFDEE9A529A695FD00F0CB53 /* Model */ = {
			isa = PBXGroup;
			children = (
				DF0446E029AB893E0018E588 /* PlaceModel.swift */,
				DF0446E229AB896B0018E588 /* Annotation.swift */,
				DF0446EA29AB9AD40018E588 /* HeroMapKitModel.swift */,
			);
			path = Model;
			sourceTree = "<group>";
		};
		DFDEE9A629A6960300F0CB53 /* Model */ = {
			isa = PBXGroup;
			children = (
			);
			path = Model;
			sourceTree = "<group>";
		};
		DFDEE9A729A6960800F0CB53 /* View */ = {
			isa = PBXGroup;
			children = (
			);
			path = View;
			sourceTree = "<group>";
		};
		DFDEE9A829A6960C00F0CB53 /* Controller */ = {
			isa = PBXGroup;
			children = (
				DFDEE97E29A693B900F0CB53 /* HomeTabBarViewController.swift */,
			);
			path = Controller;
			sourceTree = "<group>";
		};
/* End PBXGroup section */

/* Begin PBXNativeTarget section */
		DFDEE97629A693B900F0CB53 /* EntregaIOsAvanzado_v2 */ = {
			isa = PBXNativeTarget;
			buildConfigurationList = DFDEE98B29A693BB00F0CB53 /* Build configuration list for PBXNativeTarget "EntregaIOsAvanzado_v2" */;
			buildPhases = (
				DFDEE97329A693B900F0CB53 /* Sources */,
				DFDEE97429A693B900F0CB53 /* Frameworks */,
				DFDEE97529A693B900F0CB53 /* Resources */,
			);
			buildRules = (
			);
			dependencies = (
			);
			name = EntregaIOsAvanzado_v2;
			packageProductDependencies = (
				DFDEE99829A694E200F0CB53 /* Kingfisher */,
			);
			productName = EntregaIOsAvanzado_v2;
			productReference = DFDEE97729A693B900F0CB53 /* EntregaIOsAvanzado_v2.app */;
			productType = "com.apple.product-type.application";
		};
/* End PBXNativeTarget section */

/* Begin PBXProject section */
		DFDEE96F29A693B900F0CB53 /* Project object */ = {
			isa = PBXProject;
			attributes = {
				BuildIndependentTargetsInParallel = 1;
				LastSwiftUpdateCheck = 1410;
				LastUpgradeCheck = 1410;
				TargetAttributes = {
					DFDEE97629A693B900F0CB53 = {
						CreatedOnToolsVersion = 14.1;
					};
				};
			};
			buildConfigurationList = DFDEE97229A693B900F0CB53 /* Build configuration list for PBXProject "EntregaIOsAvanzado_v2" */;
			compatibilityVersion = "Xcode 14.0";
			developmentRegion = en;
			hasScannedForEncodings = 0;
			knownRegions = (
				en,
				Base,
			);
			mainGroup = DFDEE96E29A693B900F0CB53;
			packageReferences = (
				DFDEE99729A694E200F0CB53 /* XCRemoteSwiftPackageReference "Kingfisher" */,
			);
			productRefGroup = DFDEE97829A693B900F0CB53 /* Products */;
			projectDirPath = "";
			projectRoot = "";
			targets = (
				DFDEE97629A693B900F0CB53 /* EntregaIOsAvanzado_v2 */,
			);
		};
/* End PBXProject section */

/* Begin PBXResourcesBuildPhase section */
		DFDEE97529A693B900F0CB53 /* Resources */ = {
			isa = PBXResourcesBuildPhase;
			buildActionMask = 2147483647;
			files = (
				DFDEE98729A693BB00F0CB53 /* LaunchScreen.storyboard in Resources */,
				DFDEE98429A693BB00F0CB53 /* Assets.xcassets in Resources */,
				DFDEE98229A693B900F0CB53 /* Main.storyboard in Resources */,
			);
			runOnlyForDeploymentPostprocessing = 0;
		};
/* End PBXResourcesBuildPhase section */

/* Begin PBXSourcesBuildPhase section */
		DFDEE97329A693B900F0CB53 /* Sources */ = {
			isa = PBXSourcesBuildPhase;
			buildActionMask = 2147483647;
			files = (
				DF0446E729AB89FE0018E588 /* CallOut.swift in Sources */,
				DF0446EB29AB9AD40018E588 /* HeroMapKitModel.swift in Sources */,
				DFDEE9AE29A696D700F0CB53 /* HeroesMapkitView.swift in Sources */,
				DF0446E529AB89B20018E588 /* AnnotationView.swift in Sources */,
				DFDEE9BF29A6981000F0CB53 /* HeroListTableViewModel.swift in Sources */,
				DFDEE9BD29A697F000F0CB53 /* HeroModel.swift in Sources */,
				DFDEE9D029AA414900F0CB53 /* HeroLocationModel.swift in Sources */,
				DF0446E329AB896B0018E588 /* Annotation.swift in Sources */,
				DFDEE97F29A693B900F0CB53 /* HomeTabBarViewController.swift in Sources */,
				DFDEE9B729A6977900F0CB53 /* HeroesListTableViewDelegate.swift in Sources */,
				DFDEE9B029A6970D00F0CB53 /* HeroesMapkitViewController.swift in Sources */,
				DFDEE97B29A693B900F0CB53 /* AppDelegate.swift in Sources */,
				DF0446DD29AB78160018E588 /* HeroDetailViewController.swift in Sources */,
				DFDEE9B529A6976000F0CB53 /* HeroesListTableViewDataSource.swift in Sources */,
				DF0446DF29AB78520018E588 /* HeroDetailView.swift in Sources */,
				DFDEE9CA29A7F7CF00F0CB53 /* Heroes+CoreDataClass.swift in Sources */,
				DFDEE9C129A6983400F0CB53 /* LoginViewModel.swift in Sources */,
				DFDEE9B929A697BD00F0CB53 /* HeroesListView.swift in Sources */,
				DFDEE97D29A693B900F0CB53 /* SceneDelegate.swift in Sources */,
				DFDEE9C829A7F6DF00F0CB53 /* Heroes.xcdatamodeld in Sources */,
				DF0446E129AB893E0018E588 /* PlaceModel.swift in Sources */,
				DFDEE9AA29A6965D00F0CB53 /* KeychainManager.swift in Sources */,
				DFDEE9AC29A6967B00F0CB53 /* ApiClient.swift in Sources */,
				DFDEE9C529A6987B00F0CB53 /* LoginViewController.swift in Sources */,
				DFDEE9BB29A697D800F0CB53 /* HeroListViewCell.swift in Sources */,
				DFDEE9C329A6985100F0CB53 /* LoginView.swift in Sources */,
				DFDEE9CC29A7F91500F0CB53 /* CoreDataManager.swift in Sources */,
				DFDEE9B229A6973C00F0CB53 /* HeroesListTableViewController.swift in Sources */,
			);
			runOnlyForDeploymentPostprocessing = 0;
		};
/* End PBXSourcesBuildPhase section */

/* Begin PBXVariantGroup section */
		DFDEE98029A693B900F0CB53 /* Main.storyboard */ = {
			isa = PBXVariantGroup;
			children = (
				DFDEE98129A693B900F0CB53 /* Base */,
			);
			name = Main.storyboard;
			sourceTree = "<group>";
		};
		DFDEE98529A693BB00F0CB53 /* LaunchScreen.storyboard */ = {
			isa = PBXVariantGroup;
			children = (
				DFDEE98629A693BB00F0CB53 /* Base */,
			);
			name = LaunchScreen.storyboard;
			sourceTree = "<group>";
		};
/* End PBXVariantGroup section */

/* Begin XCBuildConfiguration section */
		DFDEE98929A693BB00F0CB53 /* Debug */ = {
			isa = XCBuildConfiguration;
			buildSettings = {
				ALWAYS_SEARCH_USER_PATHS = NO;
				CLANG_ANALYZER_NONNULL = YES;
				CLANG_ANALYZER_NUMBER_OBJECT_CONVERSION = YES_AGGRESSIVE;
				CLANG_CXX_LANGUAGE_STANDARD = "gnu++20";
				CLANG_ENABLE_MODULES = YES;
				CLANG_ENABLE_OBJC_ARC = YES;
				CLANG_ENABLE_OBJC_WEAK = YES;
				CLANG_WARN_BLOCK_CAPTURE_AUTORELEASING = YES;
				CLANG_WARN_BOOL_CONVERSION = YES;
				CLANG_WARN_COMMA = YES;
				CLANG_WARN_CONSTANT_CONVERSION = YES;
				CLANG_WARN_DEPRECATED_OBJC_IMPLEMENTATIONS = YES;
				CLANG_WARN_DIRECT_OBJC_ISA_USAGE = YES_ERROR;
				CLANG_WARN_DOCUMENTATION_COMMENTS = YES;
				CLANG_WARN_EMPTY_BODY = YES;
				CLANG_WARN_ENUM_CONVERSION = YES;
				CLANG_WARN_INFINITE_RECURSION = YES;
				CLANG_WARN_INT_CONVERSION = YES;
				CLANG_WARN_NON_LITERAL_NULL_CONVERSION = YES;
				CLANG_WARN_OBJC_IMPLICIT_RETAIN_SELF = YES;
				CLANG_WARN_OBJC_LITERAL_CONVERSION = YES;
				CLANG_WARN_OBJC_ROOT_CLASS = YES_ERROR;
				CLANG_WARN_QUOTED_INCLUDE_IN_FRAMEWORK_HEADER = YES;
				CLANG_WARN_RANGE_LOOP_ANALYSIS = YES;
				CLANG_WARN_STRICT_PROTOTYPES = YES;
				CLANG_WARN_SUSPICIOUS_MOVE = YES;
				CLANG_WARN_UNGUARDED_AVAILABILITY = YES_AGGRESSIVE;
				CLANG_WARN_UNREACHABLE_CODE = YES;
				CLANG_WARN__DUPLICATE_METHOD_MATCH = YES;
				COPY_PHASE_STRIP = NO;
				DEBUG_INFORMATION_FORMAT = dwarf;
				ENABLE_STRICT_OBJC_MSGSEND = YES;
				ENABLE_TESTABILITY = YES;
				GCC_C_LANGUAGE_STANDARD = gnu11;
				GCC_DYNAMIC_NO_PIC = NO;
				GCC_NO_COMMON_BLOCKS = YES;
				GCC_OPTIMIZATION_LEVEL = 0;
				GCC_PREPROCESSOR_DEFINITIONS = (
					"DEBUG=1",
					"$(inherited)",
				);
				GCC_WARN_64_TO_32_BIT_CONVERSION = YES;
				GCC_WARN_ABOUT_RETURN_TYPE = YES_ERROR;
				GCC_WARN_UNDECLARED_SELECTOR = YES;
				GCC_WARN_UNINITIALIZED_AUTOS = YES_AGGRESSIVE;
				GCC_WARN_UNUSED_FUNCTION = YES;
				GCC_WARN_UNUSED_VARIABLE = YES;
				IPHONEOS_DEPLOYMENT_TARGET = 16.1;
				MTL_ENABLE_DEBUG_INFO = INCLUDE_SOURCE;
				MTL_FAST_MATH = YES;
				ONLY_ACTIVE_ARCH = YES;
				SDKROOT = iphoneos;
				SWIFT_ACTIVE_COMPILATION_CONDITIONS = DEBUG;
				SWIFT_OPTIMIZATION_LEVEL = "-Onone";
			};
			name = Debug;
		};
		DFDEE98A29A693BB00F0CB53 /* Release */ = {
			isa = XCBuildConfiguration;
			buildSettings = {
				ALWAYS_SEARCH_USER_PATHS = NO;
				CLANG_ANALYZER_NONNULL = YES;
				CLANG_ANALYZER_NUMBER_OBJECT_CONVERSION = YES_AGGRESSIVE;
				CLANG_CXX_LANGUAGE_STANDARD = "gnu++20";
				CLANG_ENABLE_MODULES = YES;
				CLANG_ENABLE_OBJC_ARC = YES;
				CLANG_ENABLE_OBJC_WEAK = YES;
				CLANG_WARN_BLOCK_CAPTURE_AUTORELEASING = YES;
				CLANG_WARN_BOOL_CONVERSION = YES;
				CLANG_WARN_COMMA = YES;
				CLANG_WARN_CONSTANT_CONVERSION = YES;
				CLANG_WARN_DEPRECATED_OBJC_IMPLEMENTATIONS = YES;
				CLANG_WARN_DIRECT_OBJC_ISA_USAGE = YES_ERROR;
				CLANG_WARN_DOCUMENTATION_COMMENTS = YES;
				CLANG_WARN_EMPTY_BODY = YES;
				CLANG_WARN_ENUM_CONVERSION = YES;
				CLANG_WARN_INFINITE_RECURSION = YES;
				CLANG_WARN_INT_CONVERSION = YES;
				CLANG_WARN_NON_LITERAL_NULL_CONVERSION = YES;
				CLANG_WARN_OBJC_IMPLICIT_RETAIN_SELF = YES;
				CLANG_WARN_OBJC_LITERAL_CONVERSION = YES;
				CLANG_WARN_OBJC_ROOT_CLASS = YES_ERROR;
				CLANG_WARN_QUOTED_INCLUDE_IN_FRAMEWORK_HEADER = YES;
				CLANG_WARN_RANGE_LOOP_ANALYSIS = YES;
				CLANG_WARN_STRICT_PROTOTYPES = YES;
				CLANG_WARN_SUSPICIOUS_MOVE = YES;
				CLANG_WARN_UNGUARDED_AVAILABILITY = YES_AGGRESSIVE;
				CLANG_WARN_UNREACHABLE_CODE = YES;
				CLANG_WARN__DUPLICATE_METHOD_MATCH = YES;
				COPY_PHASE_STRIP = NO;
				DEBUG_INFORMATION_FORMAT = "dwarf-with-dsym";
				ENABLE_NS_ASSERTIONS = NO;
				ENABLE_STRICT_OBJC_MSGSEND = YES;
				GCC_C_LANGUAGE_STANDARD = gnu11;
				GCC_NO_COMMON_BLOCKS = YES;
				GCC_WARN_64_TO_32_BIT_CONVERSION = YES;
				GCC_WARN_ABOUT_RETURN_TYPE = YES_ERROR;
				GCC_WARN_UNDECLARED_SELECTOR = YES;
				GCC_WARN_UNINITIALIZED_AUTOS = YES_AGGRESSIVE;
				GCC_WARN_UNUSED_FUNCTION = YES;
				GCC_WARN_UNUSED_VARIABLE = YES;
				IPHONEOS_DEPLOYMENT_TARGET = 16.1;
				MTL_ENABLE_DEBUG_INFO = NO;
				MTL_FAST_MATH = YES;
				SDKROOT = iphoneos;
				SWIFT_COMPILATION_MODE = wholemodule;
				SWIFT_OPTIMIZATION_LEVEL = "-O";
				VALIDATE_PRODUCT = YES;
			};
			name = Release;
		};
		DFDEE98C29A693BB00F0CB53 /* Debug */ = {
			isa = XCBuildConfiguration;
			buildSettings = {
				ASSETCATALOG_COMPILER_APPICON_NAME = AppIcon;
				ASSETCATALOG_COMPILER_GLOBAL_ACCENT_COLOR_NAME = AccentColor;
				CODE_SIGN_STYLE = Automatic;
				CURRENT_PROJECT_VERSION = 1;
				DEVELOPMENT_TEAM = F4MS97KWX6;
				GENERATE_INFOPLIST_FILE = YES;
				INFOPLIST_FILE = EntregaIOsAvanzado_v2/Info.plist;
				INFOPLIST_KEY_UIApplicationSupportsIndirectInputEvents = YES;
				INFOPLIST_KEY_UILaunchStoryboardName = LaunchScreen;
				INFOPLIST_KEY_UIMainStoryboardFile = Main;
				INFOPLIST_KEY_UISupportedInterfaceOrientations_iPad = "UIInterfaceOrientationPortrait UIInterfaceOrientationPortraitUpsideDown UIInterfaceOrientationLandscapeLeft UIInterfaceOrientationLandscapeRight";
				INFOPLIST_KEY_UISupportedInterfaceOrientations_iPhone = "UIInterfaceOrientationPortrait UIInterfaceOrientationLandscapeLeft UIInterfaceOrientationLandscapeRight";
				LD_RUNPATH_SEARCH_PATHS = (
					"$(inherited)",
					"@executable_path/Frameworks",
				);
				MARKETING_VERSION = 1.0;
				PRODUCT_BUNDLE_IDENTIFIER = "CamilaLopez.EntregaIOsAvanzado-v2";
				PRODUCT_NAME = "$(TARGET_NAME)";
				SWIFT_EMIT_LOC_STRINGS = YES;
				SWIFT_VERSION = 5.0;
				TARGETED_DEVICE_FAMILY = "1,2";
			};
			name = Debug;
		};
		DFDEE98D29A693BB00F0CB53 /* Release */ = {
			isa = XCBuildConfiguration;
			buildSettings = {
				ASSETCATALOG_COMPILER_APPICON_NAME = AppIcon;
				ASSETCATALOG_COMPILER_GLOBAL_ACCENT_COLOR_NAME = AccentColor;
				CODE_SIGN_STYLE = Automatic;
				CURRENT_PROJECT_VERSION = 1;
				DEVELOPMENT_TEAM = F4MS97KWX6;
				GENERATE_INFOPLIST_FILE = YES;
				INFOPLIST_FILE = EntregaIOsAvanzado_v2/Info.plist;
				INFOPLIST_KEY_UIApplicationSupportsIndirectInputEvents = YES;
				INFOPLIST_KEY_UILaunchStoryboardName = LaunchScreen;
				INFOPLIST_KEY_UIMainStoryboardFile = Main;
				INFOPLIST_KEY_UISupportedInterfaceOrientations_iPad = "UIInterfaceOrientationPortrait UIInterfaceOrientationPortraitUpsideDown UIInterfaceOrientationLandscapeLeft UIInterfaceOrientationLandscapeRight";
				INFOPLIST_KEY_UISupportedInterfaceOrientations_iPhone = "UIInterfaceOrientationPortrait UIInterfaceOrientationLandscapeLeft UIInterfaceOrientationLandscapeRight";
				LD_RUNPATH_SEARCH_PATHS = (
					"$(inherited)",
					"@executable_path/Frameworks",
				);
				MARKETING_VERSION = 1.0;
				PRODUCT_BUNDLE_IDENTIFIER = "CamilaLopez.EntregaIOsAvanzado-v2";
				PRODUCT_NAME = "$(TARGET_NAME)";
				SWIFT_EMIT_LOC_STRINGS = YES;
				SWIFT_VERSION = 5.0;
				TARGETED_DEVICE_FAMILY = "1,2";
			};
			name = Release;
		};
/* End XCBuildConfiguration section */

/* Begin XCConfigurationList section */
		DFDEE97229A693B900F0CB53 /* Build configuration list for PBXProject "EntregaIOsAvanzado_v2" */ = {
			isa = XCConfigurationList;
			buildConfigurations = (
				DFDEE98929A693BB00F0CB53 /* Debug */,
				DFDEE98A29A693BB00F0CB53 /* Release */,
			);
			defaultConfigurationIsVisible = 0;
			defaultConfigurationName = Release;
		};
		DFDEE98B29A693BB00F0CB53 /* Build configuration list for PBXNativeTarget "EntregaIOsAvanzado_v2" */ = {
			isa = XCConfigurationList;
			buildConfigurations = (
				DFDEE98C29A693BB00F0CB53 /* Debug */,
				DFDEE98D29A693BB00F0CB53 /* Release */,
			);
			defaultConfigurationIsVisible = 0;
			defaultConfigurationName = Release;
		};
/* End XCConfigurationList section */

/* Begin XCRemoteSwiftPackageReference section */
		DFDEE99729A694E200F0CB53 /* XCRemoteSwiftPackageReference "Kingfisher" */ = {
			isa = XCRemoteSwiftPackageReference;
			repositoryURL = "https://github.com/onevcat/Kingfisher";
			requirement = {
				kind = upToNextMajorVersion;
				minimumVersion = 7.0.0;
			};
		};
/* End XCRemoteSwiftPackageReference section */

/* Begin XCSwiftPackageProductDependency section */
		DFDEE99829A694E200F0CB53 /* Kingfisher */ = {
			isa = XCSwiftPackageProductDependency;
			package = DFDEE99729A694E200F0CB53 /* XCRemoteSwiftPackageReference "Kingfisher" */;
			productName = Kingfisher;
		};
/* End XCSwiftPackageProductDependency section */

/* Begin XCVersionGroup section */
		DFDEE9C629A7F6DF00F0CB53 /* Heroes.xcdatamodeld */ = {
			isa = XCVersionGroup;
			children = (
				DFDEE9C729A7F6DF00F0CB53 /* Heroes.xcdatamodel */,
			);
			currentVersion = DFDEE9C729A7F6DF00F0CB53 /* Heroes.xcdatamodel */;
			path = Heroes.xcdatamodeld;
			sourceTree = "<group>";
			versionGroupType = wrapper.xcdatamodel;
		};
/* End XCVersionGroup section */
	};
	rootObject = DFDEE96F29A693B900F0CB53 /* Project object */;
}
